# THIS IS AN AUTOGENERATED FILE. DO NOT EDIT THIS FILE DIRECTLY.
# yarn lockfile v1


"@tgra/tasks@^1.0.0-alpha1.2":
  version "1.0.0-alpha1.2"
  resolved "https://registry.yarnpkg.com/@tgra/tasks/-/tasks-1.0.0-alpha1.2.tgz#3119d897999df957a52e44cd4b5174a375dff976"
  integrity sha512-VawxQEdU+EGPaEIVGB1dF2pGxL6fIHnJuc0VoPHomGJGUqQI7iPsq901QJnRyQedsr5gC6IQYkCu6jc1eGuRaw==
