# THIS IS AN AUTOGENERATED FILE. DO NOT EDIT THIS FILE DIRECTLY.
# yarn lockfile v1


"@tgra/builder@^1.0.5":
  version "1.0.5"
  resolved "https://registry.yarnpkg.com/@tgra/builder/-/builder-1.0.5.tgz#4fc4cd5e2bca23c1ec0ed79989d27c542d74ee69"
  integrity sha512-iHlihNoBO7gSSZDXE9NWWgJB7Ak/RflQvdb682i6fkEwyyXcZUVBhkj0S1/boB9IodP7CJuyjmvygB5UgWtSjA==

typescript@^5.2.2:
  version "5.2.2"
  resolved "https://registry.yarnpkg.com/typescript/-/typescript-5.2.2.tgz#5ebb5e5a5b75f085f22bc3f8460fba308310fa78"
  integrity sha512-mI4WrpHsbCIcwT9cF4FZvr80QUeKvsUsUvKDoR+X/7XHQH98xYD8YHZg7ANtz2GtZt/CBq2QJ0thkGJMHfqc1w==

yaml@^2.3.2:
  version "2.3.2"
  resolved "https://registry.yarnpkg.com/yaml/-/yaml-2.3.2.tgz#f522db4313c671a0ca963a75670f1c12ea909144"
  integrity sha512-N/lyzTPaJasoDmfV7YTrYCI0G/3ivm/9wdG0aHuheKowWQwGTsK0Eoiw6utmzAnI6pkJa0DUVygvp3spqqEKXg==
