# THIS IS AN AUTOGENERATED FILE. DO NOT EDIT THIS FILE DIRECTLY.
# yarn lockfile v1


"@tgra/builder@^1.0.0-alpha2.0":
  version "1.0.0-alpha2.0"
  resolved "https://registry.yarnpkg.com/@tgra/builder/-/builder-1.0.0-alpha2.0.tgz#42d7937c4e1d4c5ad6718b554bb00bc83b1c6511"
  integrity sha512-Qz6eN30wCKEWX03QDogffJxvgTY3BY8ROvjvsAhibdIsAyrQap+Uivc6Q4jX4TkR1Hc3taY9bdAZpIMps8QvtQ==

typescript@^5.2.2:
  version "5.2.2"
  resolved "https://registry.yarnpkg.com/typescript/-/typescript-5.2.2.tgz#5ebb5e5a5b75f085f22bc3f8460fba308310fa78"
  integrity sha512-mI4WrpHsbCIcwT9cF4FZvr80QUeKvsUsUvKDoR+X/7XHQH98xYD8YHZg7ANtz2GtZt/CBq2QJ0thkGJMHfqc1w==

yaml@^2.3.2:
  version "2.3.2"
  resolved "https://registry.yarnpkg.com/yaml/-/yaml-2.3.2.tgz#f522db4313c671a0ca963a75670f1c12ea909144"
  integrity sha512-N/lyzTPaJasoDmfV7YTrYCI0G/3ivm/9wdG0aHuheKowWQwGTsK0Eoiw6utmzAnI6pkJa0DUVygvp3spqqEKXg==
